# Generated by pub
# See http://pub.dartlang.org/doc/glossary.html#lockfile
packages:
  archive:
    description: archive
    source: hosted
    version: "1.0.17"
  browser:
    description: browser
    source: hosted
    version: "0.10.0+2"
  crypto:
    description: crypto
    source: hosted
    version: "0.9.0"
  noise_algorithms:
    description: noise_algorithms
    source: hosted
    version: "0.1.0"
  petitparser:
    description: petitparser
    source: hosted
    version: "1.2.2"
  stagexl:
    description: stagexl
    source: hosted
    version: "0.9.4+2"
  tmx:
    description: tmx
    source: hosted
    version: "0.11.3"
  xml:
    description: xml
    source: hosted
    version: "2.1.4"
